
Microsoft Visual Studio Solution File, Format Version 10.00
# Visual C# Express 2008
Project("{FAE04EC0-301F-11D3-BF4B-00C04F79EFBC}") = "Kvadratici", "Kvadratici\Kvadratici.csproj", "{4A6D4986-6BE5-4192-A2AB-60F9311BE524}"
EndProject
Global
	GlobalSection(SolutionConfigurationPlatforms) = preSolution
		Debug|Any CPU = Debug|Any CPU
		Release|Any CPU = Release|Any CPU
	EndGlobalSection
	GlobalSection(ProjectConfigurationPlatforms) = postSolution
		{4A6D4986-6BE5-4192-A2AB-60F9311BE524}.Debug|Any CPU.ActiveCfg = Debug|Any CPU
		{4A6D4986-6BE5-4192-A2AB-60F9311BE524}.Debug|Any CPU.Build.0 = Debug|Any CPU
		{4A6D4986-6BE5-4192-A2AB-60F9311BE524}.Release|Any CPU.ActiveCfg = Release|Any CPU
		{4A6D4986-6BE5-4192-A2AB-60F9311BE524}.Release|Any CPU.Build.0 = Release|Any CPU
	EndGlobalSection
	GlobalSection(SolutionProperties) = preSolution
		HideSolutionNode = FALSE
	EndGlobalSection
EndGlobal
